
Microsoft Visual Studio Solution File, Format Version 12.00
# Visual Studio 15
VisualStudioVersion = 15.0.27004.2002
MinimumVisualStudioVersion = 10.0.40219.1
Project("{FAE04EC0-301F-11D3-BF4B-00C04F79EFBC}") = "ASP.NETCoreWebAPI", "ASP.NETCoreWebAPI\ASP.NETCoreWebAPI.csproj", "{CBEB7329-1D0F-4B6C-AB33-D2D33333897D}"
EndProject
Project("{FAE04EC0-301F-11D3-BF4B-00C04F79EFBC}") = "ClassLibrary", "ClassLibrary\ClassLibrary.csproj", "{6F5E6E30-46C7-4DB9-86A8-7B9BB56D0812}"
EndProject
Global
	GlobalSection(SolutionConfigurationPlatforms) = preSolution
		Debug|Any CPU = Debug|Any CPU
		Release|Any CPU = Release|Any CPU
	EndGlobalSection
	GlobalSection(ProjectConfigurationPlatforms) = postSolution
		{CBEB7329-1D0F-4B6C-AB33-D2D33333897D}.Debug|Any CPU.ActiveCfg = Debug|Any CPU
		{CBEB7329-1D0F-4B6C-AB33-D2D33333897D}.Debug|Any CPU.Build.0 = Debug|Any CPU
		{CBEB7329-1D0F-4B6C-AB33-D2D33333897D}.Release|Any CPU.ActiveCfg = Release|Any CPU
		{CBEB7329-1D0F-4B6C-AB33-D2D33333897D}.Release|Any CPU.Build.0 = Release|Any CPU
		{6F5E6E30-46C7-4DB9-86A8-7B9BB56D0812}.Debug|Any CPU.ActiveCfg = Debug|Any CPU
		{6F5E6E30-46C7-4DB9-86A8-7B9BB56D0812}.Debug|Any CPU.Build.0 = Debug|Any CPU
		{6F5E6E30-46C7-4DB9-86A8-7B9BB56D0812}.Release|Any CPU.ActiveCfg = Release|Any CPU
		{6F5E6E30-46C7-4DB9-86A8-7B9BB56D0812}.Release|Any CPU.Build.0 = Release|Any CPU
	EndGlobalSection
	GlobalSection(SolutionProperties) = preSolution
		HideSolutionNode = FALSE
	EndGlobalSection
	GlobalSection(ExtensibilityGlobals) = postSolution
		SolutionGuid = {423F72FC-ADA9-4C36-A1C4-D82AFC61A422}
	EndGlobalSection
EndGlobal
